{
  "lockfileVersion": 1,
  "configVersion": 1,
  "workspaces": {
    "": {
      "name": "harnesys",
      "dependencies": {
        "@ai-sdk/alibaba": "2.0.32",
        "@ai-sdk/anthropic": "^4.0.39",
        "@ai-sdk/google": "4.0.44",
        "@ai-sdk/mcp": "2.0.22",
        "@ai-sdk/minimax": "3.0.15",
        "@ai-sdk/mistral": "4.0.29",
        "@ai-sdk/moonshotai": "3.0.35",
        "@ai-sdk/openai": "3.0.90",
        "@ai-sdk/openai-compatible": "3.0.30",
        "@ai-sdk/provider": "4.0.4",
        "@ai-sdk/provider-utils": "5.0.18",
        "@ai-sdk/xai": "4.0.40",
        "ai": "7.0.47",
        "ajv": "^8",
        "diff": "^9.0.0",
        "gray-matter": "^4.0.3",
        "zod": "^4.4.3",
      },
      "devDependencies": {
        "@biomejs/biome": "2.5.6",
        "@types/bun": "^1.3.14",
        "@types/diff": "^8.0.0",
        "typescript": "~5.9.0",
      },
    },
  },
  "packages": {
    "@ai-sdk/alibaba": ["@ai-sdk/alibaba@2.0.32", "", { "dependencies": { "@ai-sdk/provider": "4.0.7", "@ai-sdk/provider-utils": "5.0.27" }, "peerDependencies": { "zod": "^3.25.76 || ^4.1.8" } }, "sha512-nUm6rR9Po0ekr1HTNFMewQQ8kxc6kU/x9UEDKjW3zPsuNQbmtARdn+e5XXIS16q+rNt2E3CrW47y6/Ph8h/FkQ=="],

    "@ai-sdk/anthropic": ["@ai-sdk/anthropic@4.0.45", "", { "dependencies": { "@ai-sdk/provider": "4.0.8", "@ai-sdk/provider-utils": "5.0.33" }, "peerDependencies": { "zod": "^3.25.76 || ^4.1.8" } }, "sha512-2h1WYU1VdfkI6CU3mLes7Vh4Ua3jq5LDE1ciMgUymLNS7ZbtqhgVzBBPhnOdg83lnkYTAOeApCgkGOdwJHxdkA=="],

    "@ai-sdk/gateway": ["@ai-sdk/gateway@4.0.36", "", { "dependencies": { "@ai-sdk/provider": "4.0.4", "@ai-sdk/provider-utils": "5.0.18", "@vercel/oidc": "3.2.0" }, "peerDependencies": { "zod": "^3.25.76 || ^4.1.8" } }, "sha512-N1P6bdW/aC5rxLeuGYgx3X4el3DoZy8UWlky+g+AeIZSmxaEi/AToHJL4cmZ6nCPHk1byqJWwC+PaOZG0hK0dw=="],

    "@ai-sdk/google": ["@ai-sdk/google@4.0.44", "", { "dependencies": { "@ai-sdk/provider": "4.0.7", "@ai-sdk/provider-utils": "5.0.27" }, "peerDependencies": { "zod": "^3.25.76 || ^4.1.8" } }, "sha512-bmRTDg06jQD+eX8nf214pET9+Oe8O1+lUIRGbWsGXj9IN2UJkpl1O1x7cvtiboyTtKSLvSRdVtItUfSl8sQ2GA=="],

    "@ai-sdk/mcp": ["@ai-sdk/mcp@2.0.22", "", { "dependencies": { "@ai-sdk/provider": "4.0.4", "@ai-sdk/provider-utils": "5.0.18", "pkce-challenge": "^5.0.1" }, "peerDependencies": { "zod": "^3.25.76 || ^4.1.8" } }, "sha512-j3jPwKFTffZCJzYGpN69yKu/y646uu2gWoEwh1jgVyYVpzfu6ErFU+YAd/+xTPxsUTx8FEIEUHTlEsDuOe+ytQ=="],

    "@ai-sdk/minimax": ["@ai-sdk/minimax@3.0.15", "", { "dependencies": { "@ai-sdk/anthropic": "4.0.39", "@ai-sdk/provider": "4.0.7", "@ai-sdk/provider-utils": "5.0.27" }, "peerDependencies": { "zod": "^3.25.76 || ^4.1.8" } }, "sha512-vlxTOhvSQ6TmkMRjPeggK9AaSJ8DVPuN1xF7x+QA7Qhk1LOip8m2++tYd1sQg60WbLiMG9x/W7QBLs7/hgVZ9g=="],

    "@ai-sdk/mistral": ["@ai-sdk/mistral@4.0.29", "", { "dependencies": { "@ai-sdk/provider": "4.0.7", "@ai-sdk/provider-utils": "5.0.27" }, "peerDependencies": { "zod": "^3.25.76 || ^4.1.8" } }, "sha512-qnzGoTwRNDX4XQe3HxWMJF4pnuLV5K2BeurkMfxU24EgiqsmJXbQwOLgd/jxeYnYFRBtSyF7kH74fdf+Vws4Hw=="],

    "@ai-sdk/moonshotai": ["@ai-sdk/moonshotai@3.0.35", "", { "dependencies": { "@ai-sdk/provider": "4.0.7", "@ai-sdk/provider-utils": "5.0.27" }, "peerDependencies": { "zod": "^3.25.76 || ^4.1.8" } }, "sha512-3q+1ftkGNjQT9qJNodZPomcfx0YobAZZoe6MGvp396blXQ9MAhPh6BtNUio0wi8sLIyRUl5SdCbTND+4L9+JZg=="],

    "@ai-sdk/openai": ["@ai-sdk/openai@3.0.90", "", { "dependencies": { "@ai-sdk/provider": "3.0.14", "@ai-sdk/provider-utils": "4.0.41" }, "peerDependencies": { "zod": "^3.25.76 || ^4.1.8" } }, "sha512-GIucFshCN7JZwTDur25PsnLEMRUFfAKuLaA9TP9fzGxPC2Zxzl94tvat93ZdZLURkKOrDukU0E4fj73tKDWjTA=="],

    "@ai-sdk/openai-compatible": ["@ai-sdk/openai-compatible@3.0.30", "", { "dependencies": { "@ai-sdk/provider": "4.0.7", "@ai-sdk/provider-utils": "5.0.27" }, "peerDependencies": { "zod": "^3.25.76 || ^4.1.8" } }, "sha512-BB35G4fS/Ey5OHbWrVLxRLX1gkTlO+9I4YhlmdH1skNVoPaFXZlR6bQ+1C76d/ug7O6ocbIw4qcd2G4+GPdWEA=="],

    "@ai-sdk/provider": ["@ai-sdk/provider@4.0.4", "", { "dependencies": { "json-schema": "^0.4.0" } }, "sha512-tbHKNLirllUNF3ZlkCsXnwab2ZV1Sl4b1H/Cp9ruCce15IBmskE8Gwkk0yo9xDWY+jho2of7lVXtwSsyrq7cwQ=="],

    "@ai-sdk/provider-utils": ["@ai-sdk/provider-utils@5.0.18", "", { "dependencies": { "@ai-sdk/provider": "4.0.4", "@standard-schema/spec": "^1.1.0", "@workflow/serde": "4.1.0", "eventsource-parser": "^3.0.8", "undici": "^7.28.0" }, "peerDependencies": { "zod": "^3.25.76 || ^4.1.8" } }, "sha512-UBNCrkxS5llgN2/RXLBRkjCFTIuL6YB1Goq5c+yRecnznhtX4XPjTwLHz2hrsTltTVZ0rqVegtnwFXdPBkjDHA=="],

    "@ai-sdk/xai": ["@ai-sdk/xai@4.0.40", "", { "dependencies": { "@ai-sdk/provider": "4.0.7", "@ai-sdk/provider-utils": "5.0.27" }, "peerDependencies": { "zod": "^3.25.76 || ^4.1.8" } }, "sha512-OzFgYb+CHHfJhYGrXBYCfJsmUZjBpBUAGf0fgnYFZulel9ORD0COBMYwGVILwg/7T3FIz2QalV6BZRblabOTsQ=="],

    "@biomejs/biome": ["@biomejs/biome@2.5.6", "", { "optionalDependencies": { "@biomejs/cli-darwin-arm64": "2.5.6", "@biomejs/cli-darwin-x64": "2.5.6", "@biomejs/cli-linux-arm64": "2.5.6", "@biomejs/cli-linux-arm64-musl": "2.5.6", "@biomejs/cli-linux-x64": "2.5.6", "@biomejs/cli-linux-x64-musl": "2.5.6", "@biomejs/cli-win32-arm64": "2.5.6", "@biomejs/cli-win32-x64": "2.5.6" }, "bin": { "biome": "bin/biome" } }, "sha512-lxVNjv7UF6KfhMJfL9gaUHbWdJdHbsAj6OSmwSYNdhRuG67NxNQ4Xdvh3TUxsSK9sBzJBQhEJj3AopmmNJ5pSA=="],

    "@biomejs/cli-darwin-arm64": ["@biomejs/cli-darwin-arm64@2.5.6", "", { "os": "darwin", "cpu": "arm64" }, "sha512-zMOLZP4oMrjh6m1zcSj1ud2awUPgTuMVbmQhYYWL7J8HwCnbHHBvTm7VBTRuY7epT5bez76IpKYQ11ZAqHFlnw=="],

    "@biomejs/cli-darwin-x64": ["@biomejs/cli-darwin-x64@2.5.6", "", { "os": "darwin", "cpu": "x64" }, "sha512-JAC1VqzvO7Th5ZplU0G2uGfkZbxEe9uDDektPAhF0JLusoz1w+T4okp2bkykI0bbaO2vslKiRfj4gU43JaGreA=="],

    "@biomejs/cli-linux-arm64": ["@biomejs/cli-linux-arm64@2.5.6", "", { "os": "linux", "cpu": "arm64" }, "sha512-6XsYwCFkp5sMxl85ffhgeGpGgs6A7dRYFnkceZ7WVxvycuTnGdD5xa534Z3xfrBQ0JCMK/mujT6ZNPJoghedwg=="],

    "@biomejs/cli-linux-arm64-musl": ["@biomejs/cli-linux-arm64-musl@2.5.6", "", { "os": "linux", "cpu": "arm64" }, "sha512-eUa3jeeYvfMt19LBeh6E5PUZpxnTC4JqNWo+EDjTtQjAr2xLGnWaxACtVU1DQqmHYbvThlJzLX+ZsYgrqh2qVw=="],

    "@biomejs/cli-linux-x64": ["@biomejs/cli-linux-x64@2.5.6", "", { "os": "linux", "cpu": "x64" }, "sha512-Pop9VXCFUhFTMfFefZ39S+u2rOPyNp5iHlxbZRwXGACHLy2r0jjiRgJHmaEKJzL3SyxlVeGShXhvvElvWowonA=="],

    "@biomejs/cli-linux-x64-musl": ["@biomejs/cli-linux-x64-musl@2.5.6", "", { "os": "linux", "cpu": "x64" }, "sha512-2Vp13QdKysH3HIWLaYLhUUwbK+jbZonJD1K+Lr0d0RO4wH7mkYd43vJixEDm8cUWrowoRz4UUHF1nm9Ae7ym8A=="],

    "@biomejs/cli-win32-arm64": ["@biomejs/cli-win32-arm64@2.5.6", "", { "os": "win32", "cpu": "arm64" }, "sha512-tDGshcm6BdkZOCGnTDX0Y8/U4IfBSlnUU7T56nNDuPEfed+aHg+u8G36NB43fJVl0Os6+QURXIE1yuD7AaEofA=="],

    "@biomejs/cli-win32-x64": ["@biomejs/cli-win32-x64@2.5.6", "", { "os": "win32", "cpu": "x64" }, "sha512-WN05KwXnTO/2J45RQPvzZMXf7tZUIofHoR35xIPfCo7pQ2RFidxI8sfb5mGsaTxdMmEOzHzOPRCdA5/fCpc7xQ=="],

    "@fastify/busboy": ["@fastify/busboy@2.1.1", "", {}, "sha512-vBZP4NlzfOlerQTnba4aqZoMhE/a9HY7HRqoOPaETQcSQuWEIyZMHGfVu6w9wGtGK5fED5qRs2DteVCjOH60sA=="],

    "@standard-schema/spec": ["@standard-schema/spec@1.1.0", "", {}, "sha512-l2aFy5jALhniG5HgqrD6jXLi/rUWrKvqN/qJx6yoJsgKhblVd+iqqU4RCXavm/jPityDo5TCvKMnpjKnOriy0w=="],

    "@types/bun": ["@types/bun@1.4.0", "", { "dependencies": { "bun-types": "1.4.0" } }, "sha512-K+lZULY23vRgK/CfTjFIV+tyifaNdSMlPh9j+6mQ/cLfpOznLyAuzgV/JQysyECpkBQLVMSyvjlr2fBUSA9wFQ=="],

    "@types/diff": ["@types/diff@8.0.0", "", { "dependencies": { "diff": "*" } }, "sha512-o7jqJM04gfaYrdCecCVMbZhNdG6T1MHg/oQoRFdERLV+4d+V7FijhiEAbFu0Usww84Yijk9yH58U4Jk4HbtzZw=="],

    "@types/node": ["@types/node@26.4.0", "", { "dependencies": { "undici-types": "~8.3.0" } }, "sha512-faiGnoIrLH/V8cibOMEAZ8pMw6oXqSukl29ra4mN8GdaB2ZewzeaLj+INpV5N+Z1eKWzY+IzaIZH2EIR6YZRNQ=="],

    "@vercel/oidc": ["@vercel/oidc@3.2.0", "", {}, "sha512-UycprH3T6n3jH0k44NHMa7pnFHGu/N05MjojYr+Mc6I7obkoLIJujSWwin1pCvdy/eOxrI/l3uDLQsmcrOb4ug=="],

    "@workflow/serde": ["@workflow/serde@4.1.0", "", {}, "sha512-pav4F2BoirECWR7Nf1TKt+2eETcBj7jj4cBefQ8VXQCA6NPkaKeLfj/zMgi+3zYV5ZIBT4GuUiphsj0/b9hPQQ=="],

    "ai": ["ai@7.0.47", "", { "dependencies": { "@ai-sdk/gateway": "4.0.36", "@ai-sdk/provider": "4.0.4", "@ai-sdk/provider-utils": "5.0.18" }, "peerDependencies": { "zod": "^3.25.76 || ^4.1.8" } }, "sha512-e0MpNtufu6JmcmwMUTgM1smCRkP5z014iPaKgnCm7kmMsTSIZbOJN2vglhPq0WIj/6x7ewVi6W0FyIR0pjaE3Q=="],

    "ajv": ["ajv@8.20.0", "", { "dependencies": { "fast-deep-equal": "^3.1.3", "fast-uri": "^3.0.1", "json-schema-traverse": "^1.0.0", "require-from-string": "^2.0.2" } }, "sha512-Thbli+OlOj+iMPYFBVBfJ3OmCAnaSyNn4M1vz9T6Gka5Jt9ba/HIR56joy65tY6kx/FCF5VXNB819Y7/GUrBGA=="],

    "argparse": ["argparse@1.0.10", "", { "dependencies": { "sprintf-js": "~1.0.2" } }, "sha512-o5Roy6tNG4SL/FOkCAN6RzjiakZS25RLYFrcMttJqbdd8BWrnA+fGz57iN5Pb06pvBGvl5gQ0B48dJlslXvoTg=="],

    "bun-types": ["bun-types@1.4.0", "", { "dependencies": { "@types/node": "*" } }, "sha512-iIKw23BspnQQYd3prITOBxeUsxBHnwzX6YJfGMuNOZzeNcMmVqzIIVGRm1l69ogaPQmb4wB6BN8mA5bE9YuC5Q=="],

    "diff": ["diff@9.0.0", "", {}, "sha512-svtcdpS8CgJyqAjEQIXdb3OjhFVVYjzGAPO8WGCmRbrml64SPw/jJD4GoE98aR7r25A0XcgrK3F02yw9R/vhQw=="],

    "esprima": ["esprima@4.0.1", "", { "bin": { "esparse": "./bin/esparse.js", "esvalidate": "./bin/esvalidate.js" } }, "sha512-eGuFFw7Upda+g4p+QHvnW0RyTX/SVeJBDM/gCtMARO0cLuT2HcEKnTPvhjV6aGeqrCB/sbNop0Kszm0jsaWU4A=="],

    "eventsource-parser": ["eventsource-parser@3.1.1", "", {}, "sha512-EKN1vKAMcZ8MlYMpaNuxN6R9yakzH6uajHcHVTqWJzvu5pWw9DyhbP35HH8MVBQ+dZjAfDxk+A8NiR9KWaXiyQ=="],

    "extend-shallow": ["extend-shallow@2.0.1", "", { "dependencies": { "is-extendable": "^0.1.0" } }, "sha512-zCnTtlxNoAiDc3gqY2aYAWFx7XWWiasuF2K8Me5WbN8otHKTUKBwjPtNpRs/rbUZm7KxWAaNj7P1a/p52GbVug=="],

    "fast-deep-equal": ["fast-deep-equal@3.1.3", "", {}, "sha512-f3qQ9oQy9j2AhBe/H9VC91wLmKBCCU/gDOnKNAYG5hswO7BLKj09Hc5HYNz9cGI++xlpDCIgDaitVs03ATR84Q=="],

    "fast-uri": ["fast-uri@3.1.6", "", {}, "sha512-7Ical1vFEMr0onbVzEDIreM22I4khW+fzyQPwvAFWBp1iwdshSZRsL4jjRvPG9JP1uiqMHRto+YU6R2/CzDz5Q=="],

    "gray-matter": ["gray-matter@4.0.3", "", { "dependencies": { "js-yaml": "^3.13.1", "kind-of": "^6.0.2", "section-matter": "^1.0.0", "strip-bom-string": "^1.0.0" } }, "sha512-5v6yZd4JK3eMI3FqqCouswVqwugaA9r4dNZB1wwcmrD02QkV5H0y7XBQW8QwQqEaZY1pM9aqORSORhJRdNK44Q=="],

    "is-extendable": ["is-extendable@0.1.1", "", {}, "sha512-5BMULNob1vgFX6EjQw5izWDxrecWK9AM72rugNr0TFldMOi0fj6Jk+zeKIt0xGj4cEfQIJth4w3OKWOJ4f+AFw=="],

    "js-yaml": ["js-yaml@3.15.2", "", { "dependencies": { "argparse": "^1.0.7", "esprima": "^4.0.0" }, "bin": { "js-yaml": "bin/js-yaml.js" } }, "sha512-6EuL879VkRA+1Cz578mKMiKvjPNEuk6+r1JaFzoSWejZmtf7xWbIyw1e3KkxlkzTIt9Taw6JBhEppG7utc1P+w=="],

    "json-schema": ["json-schema@0.4.0", "", {}, "sha512-es94M3nTIfsEPisRafak+HDLfHXnKBhV3vU5eqPcS3flIWqcxJWgXHXiey3YrpaNsanY5ei1VoYEbOzijuq9BA=="],

    "json-schema-traverse": ["json-schema-traverse@1.0.0", "", {}, "sha512-NM8/P9n3XjXhIZn1lLhkFaACTOURQXjWhV4BA/RnOv8xvgqtqpAX9IO4mRQxSx1Rlo4tqzeqb0sOlruaOy3dug=="],

    "kind-of": ["kind-of@6.0.3", "", {}, "sha512-dcS1ul+9tmeD95T+x28/ehLgd9mENa3LsvDTtzm3vyBEO7RPptvAD+t44WVXaUjTBRcrpFeFlC8WCruUR456hw=="],

    "pkce-challenge": ["pkce-challenge@5.0.1", "", {}, "sha512-wQ0b/W4Fr01qtpHlqSqspcj3EhBvimsdh0KlHhH8HRZnMsEa0ea2fTULOXOS9ccQr3om+GcGRk4e+isrZWV8qQ=="],

    "require-from-string": ["require-from-string@2.0.2", "", {}, "sha512-Xf0nWe6RseziFMu+Ap9biiUbmplq6S9/p+7w7YXP/JBHhrUDDUhwa+vANyubuqfZWTveU//DYVGsDG7RKL/vEw=="],

    "section-matter": ["section-matter@1.0.0", "", { "dependencies": { "extend-shallow": "^2.0.1", "kind-of": "^6.0.0" } }, "sha512-vfD3pmTzGpufjScBh50YHKzEu2lxBWhVEHsNGoEXmCmn2hKGfeNLYMzCJpe8cD7gqX7TJluOVpBkAequ6dgMmA=="],

    "sprintf-js": ["sprintf-js@1.0.3", "", {}, "sha512-D9cPgkvLlV3t3IzL0D0YLvGA9Ahk4PcvVwUbN0dSGr1aP0Nrt4AEnTUbuGvquEC0mA64Gqt1fzirlRs5ibXx8g=="],

    "strip-bom-string": ["strip-bom-string@1.0.0", "", {}, "sha512-uCC2VHvQRYu+lMh4My/sFNmF2klFymLX1wHJeXnbEJERpV/ZsVuonzerjfrGpIGF7LBVa1O7i9kjiWvJiFck8g=="],

    "typescript": ["typescript@5.9.3", "", { "bin": { "tsc": "bin/tsc", "tsserver": "bin/tsserver" } }, "sha512-jl1vZzPDinLr9eUt3J/t7V6FgNEw9QjvBPdysz9KfQDD41fQrC2Y4vKQdiaUpFT4bXlb1RHhLpp8wtm6M5TgSw=="],

    "undici": ["undici@7.29.0", "", {}, "sha512-IDxfleLmmbSskfWSUATiN1nfn2rDuvnMOqb5CWR92iIfojA0Ud+ulOAAEQ57LPr9rWmsreUyf5lwyao+7GNNVw=="],

    "undici-types": ["undici-types@8.3.0", "", {}, "sha512-j375ScV60dom+YkPFIfTLcOiPxkN/buHz5GobjLhixFuANaNs3C9l4GmrWqejgXWJ7BbJcFYpTEUkS1Ge8bpZQ=="],

    "zod": ["zod@4.5.4", "", {}, "sha512-sC95tT5iHHH9gtpj6A81kh+NEaRAUFN+qlUPDUbRfOMvNf5QCBqsb3WgvnpVtK5Y+4UfA6KqufotuTvMGiTlsA=="],

    "@ai-sdk/alibaba/@ai-sdk/provider": ["@ai-sdk/provider@4.0.7", "", { "dependencies": { "json-schema": "^0.4.0" } }, "sha512-6or44XprPzKbr8zkmzosowSE0pxkvJcoojBL+mCZvPUt3kvXp3XSNqeVun9golb1acEfSo6yaEBRT18h2VU+1Q=="],

    "@ai-sdk/alibaba/@ai-sdk/provider-utils": ["@ai-sdk/provider-utils@5.0.27", "", { "dependencies": { "@ai-sdk/provider": "4.0.7", "@standard-schema/spec": "^1.1.0", "@workflow/serde": "4.1.0", "eventsource-parser": "^3.0.8", "undici": "^7.28.0" }, "peerDependencies": { "zod": "^3.25.76 || ^4.1.8" } }, "sha512-EzAn4pdgG5g0xXtH6lE2zyNmfjDQIDjATkfqzuidEI35g++hh4+07vnjzkT/RmGmIClPZiRj/Q2GMPV2V7mkHw=="],

    "@ai-sdk/anthropic/@ai-sdk/provider": ["@ai-sdk/provider@4.0.8", "", { "dependencies": { "json-schema": "^0.4.0" } }, "sha512-aWO7iwhFUGf347tCwNGggggfmZigaSu7TF739IZSrWWABUp7zkb4Cr3fMqvBe5EIS7ABJJu3Cadn0g/zs1G0QQ=="],

    "@ai-sdk/anthropic/@ai-sdk/provider-utils": ["@ai-sdk/provider-utils@5.0.33", "", { "dependencies": { "@ai-sdk/provider": "4.0.8", "@standard-schema/spec": "^1.1.0", "@workflow/serde": "4.1.0", "eventsource-parser": "^3.0.8", "undici": "^7.28.0" }, "peerDependencies": { "zod": "^3.25.76 || ^4.1.8" } }, "sha512-TfjJqJmRsQyxAlb+3hGmP1o1xLUIT79yhOgtJuTF4hqsB37IC3CufGsuFhU04EeTOg7R9iptQ6Bzm0MW0n/c3g=="],

    "@ai-sdk/google/@ai-sdk/provider": ["@ai-sdk/provider@4.0.7", "", { "dependencies": { "json-schema": "^0.4.0" } }, "sha512-6or44XprPzKbr8zkmzosowSE0pxkvJcoojBL+mCZvPUt3kvXp3XSNqeVun9golb1acEfSo6yaEBRT18h2VU+1Q=="],

    "@ai-sdk/google/@ai-sdk/provider-utils": ["@ai-sdk/provider-utils@5.0.27", "", { "dependencies": { "@ai-sdk/provider": "4.0.7", "@standard-schema/spec": "^1.1.0", "@workflow/serde": "4.1.0", "eventsource-parser": "^3.0.8", "undici": "^7.28.0" }, "peerDependencies": { "zod": "^3.25.76 || ^4.1.8" } }, "sha512-EzAn4pdgG5g0xXtH6lE2zyNmfjDQIDjATkfqzuidEI35g++hh4+07vnjzkT/RmGmIClPZiRj/Q2GMPV2V7mkHw=="],

    "@ai-sdk/minimax/@ai-sdk/anthropic": ["@ai-sdk/anthropic@4.0.39", "", { "dependencies": { "@ai-sdk/provider": "4.0.7", "@ai-sdk/provider-utils": "5.0.27" }, "peerDependencies": { "zod": "^3.25.76 || ^4.1.8" } }, "sha512-JAMGtYeEuaBzqbsPO4fkho6vQyNoVhsHASM4o59wmJRU6Vh7prjOp490Kmc7YQTY+ioU1/xYzXvWOtxZBup0Xw=="],

    "@ai-sdk/minimax/@ai-sdk/provider": ["@ai-sdk/provider@4.0.7", "", { "dependencies": { "json-schema": "^0.4.0" } }, "sha512-6or44XprPzKbr8zkmzosowSE0pxkvJcoojBL+mCZvPUt3kvXp3XSNqeVun9golb1acEfSo6yaEBRT18h2VU+1Q=="],

    "@ai-sdk/minimax/@ai-sdk/provider-utils": ["@ai-sdk/provider-utils@5.0.27", "", { "dependencies": { "@ai-sdk/provider": "4.0.7", "@standard-schema/spec": "^1.1.0", "@workflow/serde": "4.1.0", "eventsource-parser": "^3.0.8", "undici": "^7.28.0" }, "peerDependencies": { "zod": "^3.25.76 || ^4.1.8" } }, "sha512-EzAn4pdgG5g0xXtH6lE2zyNmfjDQIDjATkfqzuidEI35g++hh4+07vnjzkT/RmGmIClPZiRj/Q2GMPV2V7mkHw=="],

    "@ai-sdk/mistral/@ai-sdk/provider": ["@ai-sdk/provider@4.0.7", "", { "dependencies": { "json-schema": "^0.4.0" } }, "sha512-6or44XprPzKbr8zkmzosowSE0pxkvJcoojBL+mCZvPUt3kvXp3XSNqeVun9golb1acEfSo6yaEBRT18h2VU+1Q=="],

    "@ai-sdk/mistral/@ai-sdk/provider-utils": ["@ai-sdk/provider-utils@5.0.27", "", { "dependencies": { "@ai-sdk/provider": "4.0.7", "@standard-schema/spec": "^1.1.0", "@workflow/serde": "4.1.0", "eventsource-parser": "^3.0.8", "undici": "^7.28.0" }, "peerDependencies": { "zod": "^3.25.76 || ^4.1.8" } }, "sha512-EzAn4pdgG5g0xXtH6lE2zyNmfjDQIDjATkfqzuidEI35g++hh4+07vnjzkT/RmGmIClPZiRj/Q2GMPV2V7mkHw=="],

    "@ai-sdk/moonshotai/@ai-sdk/provider": ["@ai-sdk/provider@4.0.7", "", { "dependencies": { "json-schema": "^0.4.0" } }, "sha512-6or44XprPzKbr8zkmzosowSE0pxkvJcoojBL+mCZvPUt3kvXp3XSNqeVun9golb1acEfSo6yaEBRT18h2VU+1Q=="],

    "@ai-sdk/moonshotai/@ai-sdk/provider-utils": ["@ai-sdk/provider-utils@5.0.27", "", { "dependencies": { "@ai-sdk/provider": "4.0.7", "@standard-schema/spec": "^1.1.0", "@workflow/serde": "4.1.0", "eventsource-parser": "^3.0.8", "undici": "^7.28.0" }, "peerDependencies": { "zod": "^3.25.76 || ^4.1.8" } }, "sha512-EzAn4pdgG5g0xXtH6lE2zyNmfjDQIDjATkfqzuidEI35g++hh4+07vnjzkT/RmGmIClPZiRj/Q2GMPV2V7mkHw=="],

    "@ai-sdk/openai/@ai-sdk/provider": ["@ai-sdk/provider@3.0.14", "", { "dependencies": { "json-schema": "^0.4.0" } }, "sha512-5X1k57JBJ4H7H1QjX7CnJYAB1I19r/trVZTMcSms7/kLNZ8RaU4Nt2agcwZzv82Hfx6Q7/TOLU7agAKeFfc8cA=="],

    "@ai-sdk/openai/@ai-sdk/provider-utils": ["@ai-sdk/provider-utils@4.0.41", "", { "dependencies": { "@ai-sdk/provider": "3.0.14", "@standard-schema/spec": "^1.1.0", "eventsource-parser": "^3.0.8", "undici": "^5.29.0" }, "peerDependencies": { "zod": "^3.25.76 || ^4.1.8" } }, "sha512-I7hhjfw01yEI8NkuAsT8Mv6xbWFr/lqLXMdaJQ2zWfXEpxog1eT7skDcv1+RY29/+5btzH8wD+vVvy48bk9oNQ=="],

    "@ai-sdk/openai-compatible/@ai-sdk/provider": ["@ai-sdk/provider@4.0.7", "", { "dependencies": { "json-schema": "^0.4.0" } }, "sha512-6or44XprPzKbr8zkmzosowSE0pxkvJcoojBL+mCZvPUt3kvXp3XSNqeVun9golb1acEfSo6yaEBRT18h2VU+1Q=="],

    "@ai-sdk/openai-compatible/@ai-sdk/provider-utils": ["@ai-sdk/provider-utils@5.0.27", "", { "dependencies": { "@ai-sdk/provider": "4.0.7", "@standard-schema/spec": "^1.1.0", "@workflow/serde": "4.1.0", "eventsource-parser": "^3.0.8", "undici": "^7.28.0" }, "peerDependencies": { "zod": "^3.25.76 || ^4.1.8" } }, "sha512-EzAn4pdgG5g0xXtH6lE2zyNmfjDQIDjATkfqzuidEI35g++hh4+07vnjzkT/RmGmIClPZiRj/Q2GMPV2V7mkHw=="],

    "@ai-sdk/xai/@ai-sdk/provider": ["@ai-sdk/provider@4.0.7", "", { "dependencies": { "json-schema": "^0.4.0" } }, "sha512-6or44XprPzKbr8zkmzosowSE0pxkvJcoojBL+mCZvPUt3kvXp3XSNqeVun9golb1acEfSo6yaEBRT18h2VU+1Q=="],

    "@ai-sdk/xai/@ai-sdk/provider-utils": ["@ai-sdk/provider-utils@5.0.27", "", { "dependencies": { "@ai-sdk/provider": "4.0.7", "@standard-schema/spec": "^1.1.0", "@workflow/serde": "4.1.0", "eventsource-parser": "^3.0.8", "undici": "^7.28.0" }, "peerDependencies": { "zod": "^3.25.76 || ^4.1.8" } }, "sha512-EzAn4pdgG5g0xXtH6lE2zyNmfjDQIDjATkfqzuidEI35g++hh4+07vnjzkT/RmGmIClPZiRj/Q2GMPV2V7mkHw=="],

    "@ai-sdk/openai/@ai-sdk/provider-utils/undici": ["undici@5.29.0", "", { "dependencies": { "@fastify/busboy": "^2.0.0" } }, "sha512-raqeBD6NQK4SkWhQzeYKd1KmIG6dllBOTt55Rmkt4HtI9mwdWtJljnrXjAFUBLTSN67HWrOIZ3EPF4kjUw80Bg=="],
  }
}
